// !$*UTF8*$!
{
	archiveVersion = 1;
	classes = {
	};
	objectVersion = 55;
	objects = {

/* Begin PBXBuildFile section */
		94999EA8CDB00C8EA90C3C3C /* Pods_ExpandableTableTask.framework in Frameworks */ = {isa = PBXBuildFile; fileRef = 98864B56E5AA01DACDCD873B /* Pods_ExpandableTableTask.framework */; };
		A0F2CCCC2A273F360080FA7F /* AppDelegate.swift in Sources */ = {isa = PBXBuildFile; fileRef = A0F2CCCB2A273F360080FA7F /* AppDelegate.swift */; };
		A0F2CCD02A273F360080FA7F /* ViewController.swift in Sources */ = {isa = PBXBuildFile; fileRef = A0F2CCCF2A273F360080FA7F /* ViewController.swift */; };
		A0F2CCD52A273F390080FA7F /* Assets.xcassets in Resources */ = {isa = PBXBuildFile; fileRef = A0F2CCD42A273F390080FA7F /* Assets.xcassets */; };
		A0F2CCD82A273F390080FA7F /* LaunchScreen.storyboard in Resources */ = {isa = PBXBuildFile; fileRef = A0F2CCD62A273F390080FA7F /* LaunchScreen.storyboard */; };
		A0F2CCE02A2745C40080FA7F /* SceneDelegate.swift in Sources */ = {isa = PBXBuildFile; fileRef = A0F2CCDF2A2745C40080FA7F /* SceneDelegate.swift */; };
		A0F2CCE52A27476D0080FA7F /* SplashViewController.swift in Sources */ = {isa = PBXBuildFile; fileRef = A0F2CCE32A27476D0080FA7F /* SplashViewController.swift */; };
		A0F2CCE62A27476D0080FA7F /* SplashViewController.xib in Resources */ = {isa = PBXBuildFile; fileRef = A0F2CCE42A27476D0080FA7F /* SplashViewController.xib */; };
		A0F2CCEA2A2748CD0080FA7F /* Request.swift in Sources */ = {isa = PBXBuildFile; fileRef = A0F2CCE92A2748CD0080FA7F /* Request.swift */; };
		A0F2CCEC2A2749480080FA7F /* Router.swift in Sources */ = {isa = PBXBuildFile; fileRef = A0F2CCEB2A2749480080FA7F /* Router.swift */; };
		A0F2CCF02A2752750080FA7F /* Countries.swift in Sources */ = {isa = PBXBuildFile; fileRef = A0F2CCEF2A2752750080FA7F /* Countries.swift */; };
		A0F2CCF22A2753320080FA7F /* BaseResponse.swift in Sources */ = {isa = PBXBuildFile; fileRef = A0F2CCF12A2753320080FA7F /* BaseResponse.swift */; };
/* End PBXBuildFile section */

/* Begin PBXFileReference section */
		2F5CB637000F2469C763BB5D /* Pods-ExpandableTableTask.release.xcconfig */ = {isa = PBXFileReference; includeInIndex = 1; lastKnownFileType = text.xcconfig; name = "Pods-ExpandableTableTask.release.xcconfig"; path = "Target Support Files/Pods-ExpandableTableTask/Pods-ExpandableTableTask.release.xcconfig"; sourceTree = "<group>"; };
		5F49FE84966F1F232F83E48F /* Pods-ExpandableTableTask.debug.xcconfig */ = {isa = PBXFileReference; includeInIndex = 1; lastKnownFileType = text.xcconfig; name = "Pods-ExpandableTableTask.debug.xcconfig"; path = "Target Support Files/Pods-ExpandableTableTask/Pods-ExpandableTableTask.debug.xcconfig"; sourceTree = "<group>"; };
		98864B56E5AA01DACDCD873B /* Pods_ExpandableTableTask.framework */ = {isa = PBXFileReference; explicitFileType = wrapper.framework; includeInIndex = 0; path = Pods_ExpandableTableTask.framework; sourceTree = BUILT_PRODUCTS_DIR; };
		A0F2CCC82A273F360080FA7F /* ExpandableTableTask.app */ = {isa = PBXFileReference; explicitFileType = wrapper.application; includeInIndex = 0; path = ExpandableTableTask.app; sourceTree = BUILT_PRODUCTS_DIR; };
		A0F2CCCB2A273F360080FA7F /* AppDelegate.swift */ = {isa = PBXFileReference; lastKnownFileType = sourcecode.swift; path = AppDelegate.swift; sourceTree = "<group>"; };
		A0F2CCCF2A273F360080FA7F /* ViewController.swift */ = {isa = PBXFileReference; lastKnownFileType = sourcecode.swift; path = ViewController.swift; sourceTree = "<group>"; };
		A0F2CCD42A273F390080FA7F /* Assets.xcassets */ = {isa = PBXFileReference; lastKnownFileType = folder.assetcatalog; path = Assets.xcassets; sourceTree = "<group>"; };
		A0F2CCD72A273F390080FA7F /* Base */ = {isa = PBXFileReference; lastKnownFileType = file.storyboard; name = Base; path = Base.lproj/LaunchScreen.storyboard; sourceTree = "<group>"; };
		A0F2CCD92A273F390080FA7F /* Info.plist */ = {isa = PBXFileReference; lastKnownFileType = text.plist.xml; path = Info.plist; sourceTree = "<group>"; };
		A0F2CCDF2A2745C40080FA7F /* SceneDelegate.swift */ = {isa = PBXFileReference; fileEncoding = 4; lastKnownFileType = sourcecode.swift; path = SceneDelegate.swift; sourceTree = "<group>"; };
		A0F2CCE32A27476D0080FA7F /* SplashViewController.swift */ = {isa = PBXFileReference; lastKnownFileType = sourcecode.swift; path = SplashViewController.swift; sourceTree = "<group>"; };
		A0F2CCE42A27476D0080FA7F /* SplashViewController.xib */ = {isa = PBXFileReference; lastKnownFileType = file.xib; path = SplashViewController.xib; sourceTree = "<group>"; };
		A0F2CCE92A2748CD0080FA7F /* Request.swift */ = {isa = PBXFileReference; lastKnownFileType = sourcecode.swift; path = Request.swift; sourceTree = "<group>"; };
		A0F2CCEB2A2749480080FA7F /* Router.swift */ = {isa = PBXFileReference; lastKnownFileType = sourcecode.swift; path = Router.swift; sourceTree = "<group>"; };
		A0F2CCEF2A2752750080FA7F /* Countries.swift */ = {isa = PBXFileReference; lastKnownFileType = sourcecode.swift; path = Countries.swift; sourceTree = "<group>"; };
		A0F2CCF12A2753320080FA7F /* BaseResponse.swift */ = {isa = PBXFileReference; lastKnownFileType = sourcecode.swift; path = BaseResponse.swift; sourceTree = "<group>"; };
/* End PBXFileReference section */

/* Begin PBXFrameworksBuildPhase section */
		A0F2CCC52A273F360080FA7F /* Frameworks */ = {
			isa = PBXFrameworksBuildPhase;
			buildActionMask = 2147483647;
			files = (
				94999EA8CDB00C8EA90C3C3C /* Pods_ExpandableTableTask.framework in Frameworks */,
			);
			runOnlyForDeploymentPostprocessing = 0;
		};
/* End PBXFrameworksBuildPhase section */

/* Begin PBXGroup section */
		43AC9DBF7D5D9EE10AC7D2A9 /* Frameworks */ = {
			isa = PBXGroup;
			children = (
				98864B56E5AA01DACDCD873B /* Pods_ExpandableTableTask.framework */,
			);
			name = Frameworks;
			sourceTree = "<group>";
		};
		53DB3542C21043DC025E9198 /* Pods */ = {
			isa = PBXGroup;
			children = (
				5F49FE84966F1F232F83E48F /* Pods-ExpandableTableTask.debug.xcconfig */,
				2F5CB637000F2469C763BB5D /* Pods-ExpandableTableTask.release.xcconfig */,
			);
			path = Pods;
			sourceTree = "<group>";
		};
		A0F2CCBF2A273F360080FA7F = {
			isa = PBXGroup;
			children = (
				A0F2CCCA2A273F360080FA7F /* ExpandableTableTask */,
				A0F2CCC92A273F360080FA7F /* Products */,
				53DB3542C21043DC025E9198 /* Pods */,
				43AC9DBF7D5D9EE10AC7D2A9 /* Frameworks */,
			);
			sourceTree = "<group>";
		};
		A0F2CCC92A273F360080FA7F /* Products */ = {
			isa = PBXGroup;
			children = (
				A0F2CCC82A273F360080FA7F /* ExpandableTableTask.app */,
			);
			name = Products;
			sourceTree = "<group>";
		};
		A0F2CCCA2A273F360080FA7F /* ExpandableTableTask */ = {
			isa = PBXGroup;
			children = (
				A0F2CCE12A2747470080FA7F /* Modules */,
				A0F2CCE72A2748930080FA7F /* Gateways */,
				A0F2CCCB2A273F360080FA7F /* AppDelegate.swift */,
				A0F2CCDF2A2745C40080FA7F /* SceneDelegate.swift */,
				A0F2CCCF2A273F360080FA7F /* ViewController.swift */,
				A0F2CCD42A273F390080FA7F /* Assets.xcassets */,
				A0F2CCD62A273F390080FA7F /* LaunchScreen.storyboard */,
				A0F2CCD92A273F390080FA7F /* Info.plist */,
			);
			path = ExpandableTableTask;
			sourceTree = "<group>";
		};
		A0F2CCE12A2747470080FA7F /* Modules */ = {
			isa = PBXGroup;
			children = (
				A0F2CCE22A2747540080FA7F /* Splash */,
				A0F2CCED2A27511A0080FA7F /* MainScreen */,
			);
			path = Modules;
			sourceTree = "<group>";
		};
		A0F2CCE22A2747540080FA7F /* Splash */ = {
			isa = PBXGroup;
			children = (
				A0F2CCE32A27476D0080FA7F /* SplashViewController.swift */,
				A0F2CCE42A27476D0080FA7F /* SplashViewController.xib */,
			);
			path = Splash;
			sourceTree = "<group>";
		};
		A0F2CCE72A2748930080FA7F /* Gateways */ = {
			isa = PBXGroup;
			children = (
				A0F2CCE82A2748C00080FA7F /* Network */,
			);
			path = Gateways;
			sourceTree = "<group>";
		};
		A0F2CCE82A2748C00080FA7F /* Network */ = {
			isa = PBXGroup;
			children = (
				A0F2CCF12A2753320080FA7F /* BaseResponse.swift */,
				A0F2CCE92A2748CD0080FA7F /* Request.swift */,
				A0F2CCEB2A2749480080FA7F /* Router.swift */,
			);
			path = Network;
			sourceTree = "<group>";
		};
		A0F2CCED2A27511A0080FA7F /* MainScreen */ = {
			isa = PBXGroup;
			children = (
				A0F2CCEE2A2752600080FA7F /* Model */,
			);
			path = MainScreen;
			sourceTree = "<group>";
		};
		A0F2CCEE2A2752600080FA7F /* Model */ = {
			isa = PBXGroup;
			children = (
				A0F2CCEF2A2752750080FA7F /* Countries.swift */,
			);
			path = Model;
			sourceTree = "<group>";
		};
/* End PBXGroup section */

/* Begin PBXNativeTarget section */
		A0F2CCC72A273F360080FA7F /* ExpandableTableTask */ = {
			isa = PBXNativeTarget;
			buildConfigurationList = A0F2CCDC2A273F390080FA7F /* Build configuration list for PBXNativeTarget "ExpandableTableTask" */;
			buildPhases = (
				5D7C9AB78CC661C5F87F1205 /* [CP] Check Pods Manifest.lock */,
				A0F2CCC42A273F360080FA7F /* Sources */,
				A0F2CCC52A273F360080FA7F /* Frameworks */,
				A0F2CCC62A273F360080FA7F /* Resources */,
				58272A33A425EE8E3AFAB263 /* [CP] Embed Pods Frameworks */,
			);
			buildRules = (
			);
			dependencies = (
			);
			name = ExpandableTableTask;
			productName = ExpandableTableTask;
			productReference = A0F2CCC82A273F360080FA7F /* ExpandableTableTask.app */;
			productType = "com.apple.product-type.application";
		};
/* End PBXNativeTarget section */

/* Begin PBXProject section */
		A0F2CCC02A273F360080FA7F /* Project object */ = {
			isa = PBXProject;
			attributes = {
				BuildIndependentTargetsInParallel = 1;
				LastSwiftUpdateCheck = 1330;
				LastUpgradeCheck = 1330;
				TargetAttributes = {
					A0F2CCC72A273F360080FA7F = {
						CreatedOnToolsVersion = 13.3;
					};
				};
			};
			buildConfigurationList = A0F2CCC32A273F360080FA7F /* Build configuration list for PBXProject "ExpandableTableTask" */;
			compatibilityVersion = "Xcode 13.0";
			developmentRegion = en;
			hasScannedForEncodings = 0;
			knownRegions = (
				en,
				Base,
			);
			mainGroup = A0F2CCBF2A273F360080FA7F;
			productRefGroup = A0F2CCC92A273F360080FA7F /* Products */;
			projectDirPath = "";
			projectRoot = "";
			targets = (
				A0F2CCC72A273F360080FA7F /* ExpandableTableTask */,
			);
		};
/* End PBXProject section */

/* Begin PBXResourcesBuildPhase section */
		A0F2CCC62A273F360080FA7F /* Resources */ = {
			isa = PBXResourcesBuildPhase;
			buildActionMask = 2147483647;
			files = (
				A0F2CCD82A273F390080FA7F /* LaunchScreen.storyboard in Resources */,
				A0F2CCE62A27476D0080FA7F /* SplashViewController.xib in Resources */,
				A0F2CCD52A273F390080FA7F /* Assets.xcassets in Resources */,
			);
			runOnlyForDeploymentPostprocessing = 0;
		};
/* End PBXResourcesBuildPhase section */

/* Begin PBXShellScriptBuildPhase section */
		58272A33A425EE8E3AFAB263 /* [CP] Embed Pods Frameworks */ = {
			isa = PBXShellScriptBuildPhase;
			buildActionMask = 2147483647;
			files = (
			);
			inputFileListPaths = (
				"${PODS_ROOT}/Target Support Files/Pods-ExpandableTableTask/Pods-ExpandableTableTask-frameworks-${CONFIGURATION}-input-files.xcfilelist",
			);
			name = "[CP] Embed Pods Frameworks";
			outputFileListPaths = (
				"${PODS_ROOT}/Target Support Files/Pods-ExpandableTableTask/Pods-ExpandableTableTask-frameworks-${CONFIGURATION}-output-files.xcfilelist",
			);
			runOnlyForDeploymentPostprocessing = 0;
			shellPath = /bin/sh;
			shellScript = "\"${PODS_ROOT}/Target Support Files/Pods-ExpandableTableTask/Pods-ExpandableTableTask-frameworks.sh\"\n";
			showEnvVarsInLog = 0;
		};
		5D7C9AB78CC661C5F87F1205 /* [CP] Check Pods Manifest.lock */ = {
			isa = PBXShellScriptBuildPhase;
			buildActionMask = 2147483647;
			files = (
			);
			inputFileListPaths = (
			);
			inputPaths = (
				"${PODS_PODFILE_DIR_PATH}/Podfile.lock",
				"${PODS_ROOT}/Manifest.lock",
			);
			name = "[CP] Check Pods Manifest.lock";
			outputFileListPaths = (
			);
			outputPaths = (
				"$(DERIVED_FILE_DIR)/Pods-ExpandableTableTask-checkManifestLockResult.txt",
			);
			runOnlyForDeploymentPostprocessing = 0;
			shellPath = /bin/sh;
			shellScript = "diff \"${PODS_PODFILE_DIR_PATH}/Podfile.lock\" \"${PODS_ROOT}/Manifest.lock\" > /dev/null\nif [ $? != 0 ] ; then\n    # print error to STDERR\n    echo \"error: The sandbox is not in sync with the Podfile.lock. Run 'pod install' or update your CocoaPods installation.\" >&2\n    exit 1\nfi\n# This output is used by Xcode 'outputs' to avoid re-running this script phase.\necho \"SUCCESS\" > \"${SCRIPT_OUTPUT_FILE_0}\"\n";
			showEnvVarsInLog = 0;
		};
/* End PBXShellScriptBuildPhase section */

/* Begin PBXSourcesBuildPhase section */
		A0F2CCC42A273F360080FA7F /* Sources */ = {
			isa = PBXSourcesBuildPhase;
			buildActionMask = 2147483647;
			files = (
				A0F2CCD02A273F360080FA7F /* ViewController.swift in Sources */,
				A0F2CCCC2A273F360080FA7F /* AppDelegate.swift in Sources */,
				A0F2CCEA2A2748CD0080FA7F /* Request.swift in Sources */,
				A0F2CCE02A2745C40080FA7F /* SceneDelegate.swift in Sources */,
				A0F2CCEC2A2749480080FA7F /* Router.swift in Sources */,
				A0F2CCF02A2752750080FA7F /* Countries.swift in Sources */,
				A0F2CCE52A27476D0080FA7F /* SplashViewController.swift in Sources */,
				A0F2CCF22A2753320080FA7F /* BaseResponse.swift in Sources */,
			);
			runOnlyForDeploymentPostprocessing = 0;
		};
/* End PBXSourcesBuildPhase section */

/* Begin PBXVariantGroup section */
		A0F2CCD62A273F390080FA7F /* LaunchScreen.storyboard */ = {
			isa = PBXVariantGroup;
			children = (
				A0F2CCD72A273F390080FA7F /* Base */,
			);
			name = LaunchScreen.storyboard;
			sourceTree = "<group>";
		};
/* End PBXVariantGroup section */

/* Begin XCBuildConfiguration section */
		A0F2CCDA2A273F390080FA7F /* Debug */ = {
			isa = XCBuildConfiguration;
			buildSettings = {
				ALWAYS_SEARCH_USER_PATHS = NO;
				CLANG_ANALYZER_NONNULL = YES;
				CLANG_ANALYZER_NUMBER_OBJECT_CONVERSION = YES_AGGRESSIVE;
				CLANG_CXX_LANGUAGE_STANDARD = "gnu++17";
				CLANG_ENABLE_MODULES = YES;
				CLANG_ENABLE_OBJC_ARC = YES;
				CLANG_ENABLE_OBJC_WEAK = YES;
				CLANG_WARN_BLOCK_CAPTURE_AUTORELEASING = YES;
				CLANG_WARN_BOOL_CONVERSION = YES;
				CLANG_WARN_COMMA = YES;
				CLANG_WARN_CONSTANT_CONVERSION = YES;
				CLANG_WARN_DEPRECATED_OBJC_IMPLEMENTATIONS = YES;
				CLANG_WARN_DIRECT_OBJC_ISA_USAGE = YES_ERROR;
				CLANG_WARN_DOCUMENTATION_COMMENTS = YES;
				CLANG_WARN_EMPTY_BODY = YES;
				CLANG_WARN_ENUM_CONVERSION = YES;
				CLANG_WARN_INFINITE_RECURSION = YES;
				CLANG_WARN_INT_CONVERSION = YES;
				CLANG_WARN_NON_LITERAL_NULL_CONVERSION = YES;
				CLANG_WARN_OBJC_IMPLICIT_RETAIN_SELF = YES;
				CLANG_WARN_OBJC_LITERAL_CONVERSION = YES;
				CLANG_WARN_OBJC_ROOT_CLASS = YES_ERROR;
				CLANG_WARN_QUOTED_INCLUDE_IN_FRAMEWORK_HEADER = YES;
				CLANG_WARN_RANGE_LOOP_ANALYSIS = YES;
				CLANG_WARN_STRICT_PROTOTYPES = YES;
				CLANG_WARN_SUSPICIOUS_MOVE = YES;
				CLANG_WARN_UNGUARDED_AVAILABILITY = YES_AGGRESSIVE;
				CLANG_WARN_UNREACHABLE_CODE = YES;
				CLANG_WARN__DUPLICATE_METHOD_MATCH = YES;
				COPY_PHASE_STRIP = NO;
				DEBUG_INFORMATION_FORMAT = dwarf;
				ENABLE_STRICT_OBJC_MSGSEND = YES;
				ENABLE_TESTABILITY = YES;
				GCC_C_LANGUAGE_STANDARD = gnu11;
				GCC_DYNAMIC_NO_PIC = NO;
				GCC_NO_COMMON_BLOCKS = YES;
				GCC_OPTIMIZATION_LEVEL = 0;
				GCC_PREPROCESSOR_DEFINITIONS = (
					"DEBUG=1",
					"$(inherited)",
				);
				GCC_WARN_64_TO_32_BIT_CONVERSION = YES;
				GCC_WARN_ABOUT_RETURN_TYPE = YES_ERROR;
				GCC_WARN_UNDECLARED_SELECTOR = YES;
				GCC_WARN_UNINITIALIZED_AUTOS = YES_AGGRESSIVE;
				GCC_WARN_UNUSED_FUNCTION = YES;
				GCC_WARN_UNUSED_VARIABLE = YES;
				IPHONEOS_DEPLOYMENT_TARGET = 15.4;
				MTL_ENABLE_DEBUG_INFO = INCLUDE_SOURCE;
				MTL_FAST_MATH = YES;
				ONLY_ACTIVE_ARCH = YES;
				SDKROOT = iphoneos;
				SWIFT_ACTIVE_COMPILATION_CONDITIONS = DEBUG;
				SWIFT_OPTIMIZATION_LEVEL = "-Onone";
			};
			name = Debug;
		};
		A0F2CCDB2A273F390080FA7F /* Release */ = {
			isa = XCBuildConfiguration;
			buildSettings = {
				ALWAYS_SEARCH_USER_PATHS = NO;
				CLANG_ANALYZER_NONNULL = YES;
				CLANG_ANALYZER_NUMBER_OBJECT_CONVERSION = YES_AGGRESSIVE;
				CLANG_CXX_LANGUAGE_STANDARD = "gnu++17";
				CLANG_ENABLE_MODULES = YES;
				CLANG_ENABLE_OBJC_ARC = YES;
				CLANG_ENABLE_OBJC_WEAK = YES;
				CLANG_WARN_BLOCK_CAPTURE_AUTORELEASING = YES;
				CLANG_WARN_BOOL_CONVERSION = YES;
				CLANG_WARN_COMMA = YES;
				CLANG_WARN_CONSTANT_CONVERSION = YES;
				CLANG_WARN_DEPRECATED_OBJC_IMPLEMENTATIONS = YES;
				CLANG_WARN_DIRECT_OBJC_ISA_USAGE = YES_ERROR;
				CLANG_WARN_DOCUMENTATION_COMMENTS = YES;
				CLANG_WARN_EMPTY_BODY = YES;
				CLANG_WARN_ENUM_CONVERSION = YES;
				CLANG_WARN_INFINITE_RECURSION = YES;
				CLANG_WARN_INT_CONVERSION = YES;
				CLANG_WARN_NON_LITERAL_NULL_CONVERSION = YES;
				CLANG_WARN_OBJC_IMPLICIT_RETAIN_SELF = YES;
				CLANG_WARN_OBJC_LITERAL_CONVERSION = YES;
				CLANG_WARN_OBJC_ROOT_CLASS = YES_ERROR;
				CLANG_WARN_QUOTED_INCLUDE_IN_FRAMEWORK_HEADER = YES;
				CLANG_WARN_RANGE_LOOP_ANALYSIS = YES;
				CLANG_WARN_STRICT_PROTOTYPES = YES;
				CLANG_WARN_SUSPICIOUS_MOVE = YES;
				CLANG_WARN_UNGUARDED_AVAILABILITY = YES_AGGRESSIVE;
				CLANG_WARN_UNREACHABLE_CODE = YES;
				CLANG_WARN__DUPLICATE_METHOD_MATCH = YES;
				COPY_PHASE_STRIP = NO;
				DEBUG_INFORMATION_FORMAT = "dwarf-with-dsym";
				ENABLE_NS_ASSERTIONS = NO;
				ENABLE_STRICT_OBJC_MSGSEND = YES;
				GCC_C_LANGUAGE_STANDARD = gnu11;
				GCC_NO_COMMON_BLOCKS = YES;
				GCC_WARN_64_TO_32_BIT_CONVERSION = YES;
				GCC_WARN_ABOUT_RETURN_TYPE = YES_ERROR;
				GCC_WARN_UNDECLARED_SELECTOR = YES;
				GCC_WARN_UNINITIALIZED_AUTOS = YES_AGGRESSIVE;
				GCC_WARN_UNUSED_FUNCTION = YES;
				GCC_WARN_UNUSED_VARIABLE = YES;
				IPHONEOS_DEPLOYMENT_TARGET = 15.4;
				MTL_ENABLE_DEBUG_INFO = NO;
				MTL_FAST_MATH = YES;
				SDKROOT = iphoneos;
				SWIFT_COMPILATION_MODE = wholemodule;
				SWIFT_OPTIMIZATION_LEVEL = "-O";
				VALIDATE_PRODUCT = YES;
			};
			name = Release;
		};
		A0F2CCDD2A273F390080FA7F /* Debug */ = {
			isa = XCBuildConfiguration;
			baseConfigurationReference = 5F49FE84966F1F232F83E48F /* Pods-ExpandableTableTask.debug.xcconfig */;
			buildSettings = {
				ASSETCATALOG_COMPILER_APPICON_NAME = AppIcon;
				ASSETCATALOG_COMPILER_GLOBAL_ACCENT_COLOR_NAME = AccentColor;
				CODE_SIGN_STYLE = Automatic;
				CURRENT_PROJECT_VERSION = 1;
				GENERATE_INFOPLIST_FILE = YES;
				INFOPLIST_FILE = ExpandableTableTask/Info.plist;
				INFOPLIST_KEY_UIApplicationSupportsIndirectInputEvents = YES;
				INFOPLIST_KEY_UILaunchStoryboardName = LaunchScreen;
				INFOPLIST_KEY_UISupportedInterfaceOrientations = UIInterfaceOrientationPortrait;
				INFOPLIST_KEY_UISupportedInterfaceOrientations_iPad = "UIInterfaceOrientationPortrait UIInterfaceOrientationPortraitUpsideDown UIInterfaceOrientationLandscapeLeft UIInterfaceOrientationLandscapeRight";
				INFOPLIST_KEY_UISupportedInterfaceOrientations_iPhone = "UIInterfaceOrientationPortrait UIInterfaceOrientationLandscapeLeft UIInterfaceOrientationLandscapeRight";
				IPHONEOS_DEPLOYMENT_TARGET = 13.0;
				LD_RUNPATH_SEARCH_PATHS = (
					"$(inherited)",
					"@executable_path/Frameworks",
				);
				MARKETING_VERSION = 1.0;
				PRODUCT_BUNDLE_IDENTIFIER = com.Ammar.ExpandableTableTask;
				PRODUCT_NAME = "$(TARGET_NAME)";
				SWIFT_EMIT_LOC_STRINGS = YES;
				SWIFT_VERSION = 5.0;
				TARGETED_DEVICE_FAMILY = 1;
			};
			name = Debug;
		};
		A0F2CCDE2A273F390080FA7F /* Release */ = {
			isa = XCBuildConfiguration;
			baseConfigurationReference = 2F5CB637000F2469C763BB5D /* Pods-ExpandableTableTask.release.xcconfig */;
			buildSettings = {
				ASSETCATALOG_COMPILER_APPICON_NAME = AppIcon;
				ASSETCATALOG_COMPILER_GLOBAL_ACCENT_COLOR_NAME = AccentColor;
				CODE_SIGN_STYLE = Automatic;
				CURRENT_PROJECT_VERSION = 1;
				GENERATE_INFOPLIST_FILE = YES;
				INFOPLIST_FILE = ExpandableTableTask/Info.plist;
				INFOPLIST_KEY_UIApplicationSupportsIndirectInputEvents = YES;
				INFOPLIST_KEY_UILaunchStoryboardName = LaunchScreen;
				INFOPLIST_KEY_UISupportedInterfaceOrientations = UIInterfaceOrientationPortrait;
				INFOPLIST_KEY_UISupportedInterfaceOrientations_iPad = "UIInterfaceOrientationPortrait UIInterfaceOrientationPortraitUpsideDown UIInterfaceOrientationLandscapeLeft UIInterfaceOrientationLandscapeRight";
				INFOPLIST_KEY_UISupportedInterfaceOrientations_iPhone = "UIInterfaceOrientationPortrait UIInterfaceOrientationLandscapeLeft UIInterfaceOrientationLandscapeRight";
				IPHONEOS_DEPLOYMENT_TARGET = 13.0;
				LD_RUNPATH_SEARCH_PATHS = (
					"$(inherited)",
					"@executable_path/Frameworks",
				);
				MARKETING_VERSION = 1.0;
				PRODUCT_BUNDLE_IDENTIFIER = com.Ammar.ExpandableTableTask;
				PRODUCT_NAME = "$(TARGET_NAME)";
				SWIFT_EMIT_LOC_STRINGS = YES;
				SWIFT_VERSION = 5.0;
				TARGETED_DEVICE_FAMILY = 1;
			};
			name = Release;
		};
/* End XCBuildConfiguration section */

/* Begin XCConfigurationList section */
		A0F2CCC32A273F360080FA7F /* Build configuration list for PBXProject "ExpandableTableTask" */ = {
			isa = XCConfigurationList;
			buildConfigurations = (
				A0F2CCDA2A273F390080FA7F /* Debug */,
				A0F2CCDB2A273F390080FA7F /* Release */,
			);
			defaultConfigurationIsVisible = 0;
			defaultConfigurationName = Release;
		};
		A0F2CCDC2A273F390080FA7F /* Build configuration list for PBXNativeTarget "ExpandableTableTask" */ = {
			isa = XCConfigurationList;
			buildConfigurations = (
				A0F2CCDD2A273F390080FA7F /* Debug */,
				A0F2CCDE2A273F390080FA7F /* Release */,
			);
			defaultConfigurationIsVisible = 0;
			defaultConfigurationName = Release;
		};
/* End XCConfigurationList section */
	};
	rootObject = A0F2CCC02A273F360080FA7F /* Project object */;
}
